# This file is automatically @generated by Cargo.
# It is not intended for manual editing.
version = 3

[[package]]
name = "toiletcli"
version = "0.6.1"
source = "registry+https://github.com/rust-lang/crates.io-index"
checksum = "8f03e12d4a8163466f6672e86a13ad3179eada5c4ed8829767248cd2ec156002"

[[package]]
name = "zest"
version = "0.6.2-unstable"
dependencies = [
 "toiletcli",
]
