# This file is automatically @generated by Cargo.
# It is not intended for manual editing.
version = 3

[[package]]
name = "toiletcli"
version = "0.4.1"
source = "registry+https://github.com/rust-lang/crates.io-index"
checksum = "1df303940ab1e260615e9842533a4941b79587a85f60bb5480d4d77a35c9aa8e"

[[package]]
name = "zest"
version = "0.3.0"
dependencies = [
 "toiletcli",
]
