# This file is automatically @generated by Cargo.
# It is not intended for manual editing.
version = 3

[[package]]
name = "toiletcli"
version = "0.5.1"
source = "registry+https://github.com/rust-lang/crates.io-index"
checksum = "36f2ea20f6eeca24a02b914485b9a74afe6c0a89b351a5182878d994b8346c3a"

[[package]]
name = "zest"
version = "0.5.0-unstable"
dependencies = [
 "toiletcli",
]
